
Microsoft Visual Studio Solution File, Format Version 11.00
# Visual Studio 2010
Project("{8BC9CEB8-8B4A-11D0-8D11-00A0C91BC942}") = "Natural_merge_for_4_files", "Natural_merge_for_4_files\Natural_merge_for_4_files.vcxproj", "{D92F3604-E5E9-4505-B2D7-F4208092F5A0}"
EndProject
Global
	GlobalSection(SolutionConfigurationPlatforms) = preSolution
		Debug|Win32 = Debug|Win32
		Release|Win32 = Release|Win32
	EndGlobalSection
	GlobalSection(ProjectConfigurationPlatforms) = postSolution
		{D92F3604-E5E9-4505-B2D7-F4208092F5A0}.Debug|Win32.ActiveCfg = Debug|Win32
		{D92F3604-E5E9-4505-B2D7-F4208092F5A0}.Debug|Win32.Build.0 = Debug|Win32
		{D92F3604-E5E9-4505-B2D7-F4208092F5A0}.Release|Win32.ActiveCfg = Release|Win32
		{D92F3604-E5E9-4505-B2D7-F4208092F5A0}.Release|Win32.Build.0 = Release|Win32
	EndGlobalSection
	GlobalSection(SolutionProperties) = preSolution
		HideSolutionNode = FALSE
	EndGlobalSection
EndGlobal
