
Microsoft Visual Studio Solution File, Format Version 11.00
# Visual Studio 2010
Project("{8BC9CEB8-8B4A-11D0-8D11-00A0C91BC942}") = "HaffmanCode", "HaffmanCode\HaffmanCode.vcxproj", "{9D68DAE3-973E-4EBD-9275-27416B08BCFC}"
EndProject
Global
	GlobalSection(SolutionConfigurationPlatforms) = preSolution
		Debug|Win32 = Debug|Win32
		Release|Win32 = Release|Win32
	EndGlobalSection
	GlobalSection(ProjectConfigurationPlatforms) = postSolution
		{9D68DAE3-973E-4EBD-9275-27416B08BCFC}.Debug|Win32.ActiveCfg = Debug|Win32
		{9D68DAE3-973E-4EBD-9275-27416B08BCFC}.Debug|Win32.Build.0 = Debug|Win32
		{9D68DAE3-973E-4EBD-9275-27416B08BCFC}.Release|Win32.ActiveCfg = Release|Win32
		{9D68DAE3-973E-4EBD-9275-27416B08BCFC}.Release|Win32.Build.0 = Release|Win32
	EndGlobalSection
	GlobalSection(SolutionProperties) = preSolution
		HideSolutionNode = FALSE
	EndGlobalSection
EndGlobal
